
Microsoft Visual Studio Solution File, Format Version 11.00
# Visual Studio 2010
Project("{FAE04EC0-301F-11D3-BF4B-00C04F79EFBC}") = "PmulUnity", "Assembly-CSharp.csproj", "{2E9F5617-B269-D4C8-DD21-05E4B6BD4E3E}"
EndProject
Global
	GlobalSection(SolutionConfigurationPlatforms) = preSolution
		Debug|Any CPU = Debug|Any CPU
		Release|Any CPU = Release|Any CPU
	EndGlobalSection
	GlobalSection(ProjectConfigurationPlatforms) = postSolution
		{2E9F5617-B269-D4C8-DD21-05E4B6BD4E3E}.Debug|Any CPU.ActiveCfg = Debug|Any CPU
		{2E9F5617-B269-D4C8-DD21-05E4B6BD4E3E}.Debug|Any CPU.Build.0 = Debug|Any CPU
		{2E9F5617-B269-D4C8-DD21-05E4B6BD4E3E}.Release|Any CPU.ActiveCfg = Release|Any CPU
		{2E9F5617-B269-D4C8-DD21-05E4B6BD4E3E}.Release|Any CPU.Build.0 = Release|Any CPU
	EndGlobalSection
	GlobalSection(SolutionProperties) = preSolution
		HideSolutionNode = FALSE
	EndGlobalSection
	GlobalSection(MonoDevelopProperties) = preSolution
		StartupItem = Assembly-CSharp.csproj
	EndGlobalSection
EndGlobal
